
Microsoft Visual Studio Solution File, Format Version 12.00
# Visual Studio 15
Project("{FAE04EC0-301F-11D3-BF4B-00C04F79EFBC}") = "VuforiaScripts", "VuforiaScripts.csproj", "{46B57B0B-BB7D-3BBA-DF3E-EC24BB54FA1A}"
EndProject
Project("{FAE04EC0-301F-11D3-BF4B-00C04F79EFBC}") = "Assembly-CSharp", "Assembly-CSharp.csproj", "{53451148-2399-51D9-120A-45936188E888}"
EndProject
Project("{FAE04EC0-301F-11D3-BF4B-00C04F79EFBC}") = "Assembly-CSharp-Editor", "Assembly-CSharp-Editor.csproj", "{B05A92AE-4D5B-DEAA-2D1D-688DBBAAD3F9}"
EndProject
Project("{FAE04EC0-301F-11D3-BF4B-00C04F79EFBC}") = "VuforiaEditorScripts", "VuforiaEditorScripts.csproj", "{FB23E702-2645-C09E-A48B-8B4868E7593D}"
EndProject
Project("{FAE04EC0-301F-11D3-BF4B-00C04F79EFBC}") = "VuforiaVersionCheckerScripts", "VuforiaVersionCheckerScripts.csproj", "{1D488D22-6098-8B21-999E-0D0C16E13FE3}"
EndProject
Global
	GlobalSection(SolutionConfigurationPlatforms) = preSolution
		Debug|Any CPU = Debug|Any CPU
		Release|Any CPU = Release|Any CPU
	EndGlobalSection
	GlobalSection(ProjectConfigurationPlatforms) = postSolution
		{46B57B0B-BB7D-3BBA-DF3E-EC24BB54FA1A}.Debug|Any CPU.ActiveCfg = Debug|Any CPU
		{46B57B0B-BB7D-3BBA-DF3E-EC24BB54FA1A}.Debug|Any CPU.Build.0 = Debug|Any CPU
		{46B57B0B-BB7D-3BBA-DF3E-EC24BB54FA1A}.Release|Any CPU.ActiveCfg = Release|Any CPU
		{46B57B0B-BB7D-3BBA-DF3E-EC24BB54FA1A}.Release|Any CPU.Build.0 = Release|Any CPU
		{53451148-2399-51D9-120A-45936188E888}.Debug|Any CPU.ActiveCfg = Debug|Any CPU
		{53451148-2399-51D9-120A-45936188E888}.Debug|Any CPU.Build.0 = Debug|Any CPU
		{53451148-2399-51D9-120A-45936188E888}.Release|Any CPU.ActiveCfg = Release|Any CPU
		{53451148-2399-51D9-120A-45936188E888}.Release|Any CPU.Build.0 = Release|Any CPU
		{B05A92AE-4D5B-DEAA-2D1D-688DBBAAD3F9}.Debug|Any CPU.ActiveCfg = Debug|Any CPU
		{B05A92AE-4D5B-DEAA-2D1D-688DBBAAD3F9}.Debug|Any CPU.Build.0 = Debug|Any CPU
		{B05A92AE-4D5B-DEAA-2D1D-688DBBAAD3F9}.Release|Any CPU.ActiveCfg = Release|Any CPU
		{B05A92AE-4D5B-DEAA-2D1D-688DBBAAD3F9}.Release|Any CPU.Build.0 = Release|Any CPU
		{FB23E702-2645-C09E-A48B-8B4868E7593D}.Debug|Any CPU.ActiveCfg = Debug|Any CPU
		{FB23E702-2645-C09E-A48B-8B4868E7593D}.Debug|Any CPU.Build.0 = Debug|Any CPU
		{FB23E702-2645-C09E-A48B-8B4868E7593D}.Release|Any CPU.ActiveCfg = Release|Any CPU
		{FB23E702-2645-C09E-A48B-8B4868E7593D}.Release|Any CPU.Build.0 = Release|Any CPU
		{1D488D22-6098-8B21-999E-0D0C16E13FE3}.Debug|Any CPU.ActiveCfg = Debug|Any CPU
		{1D488D22-6098-8B21-999E-0D0C16E13FE3}.Debug|Any CPU.Build.0 = Debug|Any CPU
		{1D488D22-6098-8B21-999E-0D0C16E13FE3}.Release|Any CPU.ActiveCfg = Release|Any CPU
		{1D488D22-6098-8B21-999E-0D0C16E13FE3}.Release|Any CPU.Build.0 = Release|Any CPU
	EndGlobalSection
	GlobalSection(SolutionProperties) = preSolution
		HideSolutionNode = FALSE
	EndGlobalSection
EndGlobal
